
Microsoft Visual Studio Solution File, Format Version 12.00
# Visual Studio Version 17
VisualStudioVersion = 17.7.34031.279
MinimumVisualStudioVersion = 10.0.40219.1
Project("{FAE04EC0-301F-11D3-BF4B-00C04F79EFBC}") = "04.12.2024", "04.12.2024\04.12.2024.csproj", "{1693CD41-7BF9-421A-8655-73F720410B9B}"
EndProject
Global
	GlobalSection(SolutionConfigurationPlatforms) = preSolution
		Debug|Any CPU = Debug|Any CPU
		Release|Any CPU = Release|Any CPU
	EndGlobalSection
	GlobalSection(ProjectConfigurationPlatforms) = postSolution
		{1693CD41-7BF9-421A-8655-73F720410B9B}.Debug|Any CPU.ActiveCfg = Debug|Any CPU
		{1693CD41-7BF9-421A-8655-73F720410B9B}.Debug|Any CPU.Build.0 = Debug|Any CPU
		{1693CD41-7BF9-421A-8655-73F720410B9B}.Release|Any CPU.ActiveCfg = Release|Any CPU
		{1693CD41-7BF9-421A-8655-73F720410B9B}.Release|Any CPU.Build.0 = Release|Any CPU
	EndGlobalSection
	GlobalSection(SolutionProperties) = preSolution
		HideSolutionNode = FALSE
	EndGlobalSection
	GlobalSection(ExtensibilityGlobals) = postSolution
		SolutionGuid = {586663C3-5CEC-401A-851F-D9E113D28E3F}
	EndGlobalSection
EndGlobal
